
Microsoft Visual Studio Solution File, Format Version 12.00
# Visual Studio Version 16
VisualStudioVersion = 16.0.31313.79
MinimumVisualStudioVersion = 10.0.40219.1
Project("{FAE04EC0-301F-11D3-BF4B-00C04F79EFBC}") = "SampleAPI", "SampleAPI\SampleAPI.csproj", "{7F315B97-DB65-486F-AE84-14FC88F206C1}"
EndProject
Global
	GlobalSection(SolutionConfigurationPlatforms) = preSolution
		Debug|Any CPU = Debug|Any CPU
		Release|Any CPU = Release|Any CPU
	EndGlobalSection
	GlobalSection(ProjectConfigurationPlatforms) = postSolution
		{7F315B97-DB65-486F-AE84-14FC88F206C1}.Debug|Any CPU.ActiveCfg = Debug|Any CPU
		{7F315B97-DB65-486F-AE84-14FC88F206C1}.Debug|Any CPU.Build.0 = Debug|Any CPU
		{7F315B97-DB65-486F-AE84-14FC88F206C1}.Release|Any CPU.ActiveCfg = Release|Any CPU
		{7F315B97-DB65-486F-AE84-14FC88F206C1}.Release|Any CPU.Build.0 = Release|Any CPU
	EndGlobalSection
	GlobalSection(SolutionProperties) = preSolution
		HideSolutionNode = FALSE
	EndGlobalSection
	GlobalSection(ExtensibilityGlobals) = postSolution
		SolutionGuid = {6720F076-1EE7-427D-A7D7-60AA5BF13E40}
	EndGlobalSection
EndGlobal
